
Microsoft Visual Studio Solution File, Format Version 12.00
# Visual Studio Version 17
VisualStudioVersion = 17.11.35327.3
MinimumVisualStudioVersion = 10.0.40219.1
Project("{FAE04EC0-301F-11D3-BF4B-00C04F79EFBC}") = "FizzBuzz", "FizzBuzz\FizzBuzz.csproj", "{516F1F02-D91D-4AED-89D1-4B7C759A51C3}"
EndProject
Global
	GlobalSection(SolutionConfigurationPlatforms) = preSolution
		Debug|Any CPU = Debug|Any CPU
		Release|Any CPU = Release|Any CPU
	EndGlobalSection
	GlobalSection(ProjectConfigurationPlatforms) = postSolution
		{516F1F02-D91D-4AED-89D1-4B7C759A51C3}.Debug|Any CPU.ActiveCfg = Debug|Any CPU
		{516F1F02-D91D-4AED-89D1-4B7C759A51C3}.Debug|Any CPU.Build.0 = Debug|Any CPU
		{516F1F02-D91D-4AED-89D1-4B7C759A51C3}.Release|Any CPU.ActiveCfg = Release|Any CPU
		{516F1F02-D91D-4AED-89D1-4B7C759A51C3}.Release|Any CPU.Build.0 = Release|Any CPU
	EndGlobalSection
	GlobalSection(SolutionProperties) = preSolution
		HideSolutionNode = FALSE
	EndGlobalSection
	GlobalSection(ExtensibilityGlobals) = postSolution
		SolutionGuid = {7DAD7693-F9EC-4F33-9A32-4157C554878B}
	EndGlobalSection
EndGlobal
